
Microsoft Visual Studio Solution File, Format Version 12.00
# Visual Studio Version 16
VisualStudioVersion = 16.0.32106.194
MinimumVisualStudioVersion = 10.0.40219.1
Project("{8BC9CEB8-8B4A-11D0-8D11-00A0C91BC942}") = "ConVarBypasser", "ConVarBypasser\ConVarBypasser.vcxproj", "{D748FFB7-35E2-4A40-960F-36BDE68563B9}"
EndProject
Global
	GlobalSection(SolutionConfigurationPlatforms) = preSolution
		Debug|x86 = Debug|x86
		Release|x86 = Release|x86
	EndGlobalSection
	GlobalSection(ProjectConfigurationPlatforms) = postSolution
		{D748FFB7-35E2-4A40-960F-36BDE68563B9}.Debug|x86.ActiveCfg = Debug|Win32
		{D748FFB7-35E2-4A40-960F-36BDE68563B9}.Debug|x86.Build.0 = Debug|Win32
		{D748FFB7-35E2-4A40-960F-36BDE68563B9}.Release|x86.ActiveCfg = Release|Win32
		{D748FFB7-35E2-4A40-960F-36BDE68563B9}.Release|x86.Build.0 = Release|Win32
	EndGlobalSection
	GlobalSection(SolutionProperties) = preSolution
		HideSolutionNode = FALSE
	EndGlobalSection
	GlobalSection(ExtensibilityGlobals) = postSolution
		SolutionGuid = {9419CE41-3F4D-45FA-83DB-5F7F1F8C3F15}
	EndGlobalSection
EndGlobal
